// !$*UTF8*$!
{
	archiveVersion = 1;
	classes = {
	};
	objectVersion = 50;
	objects = {

/* Begin PBXBuildFile section */
		32DCC95421C8881C00F4B3EF /* ZoomInPresentationManager.swift in Sources */ = {isa = PBXBuildFile; fileRef = 32DCC95321C8881C00F4B3EF /* ZoomInPresentationManager.swift */; };
		32DCC95621C8890500F4B3EF /* ZoomInPresentationAnimator.swift in Sources */ = {isa = PBXBuildFile; fileRef = 32DCC95521C8890500F4B3EF /* ZoomInPresentationAnimator.swift */; };
		32FA774E21C73EA000B2CCD2 /* AppDelegate.swift in Sources */ = {isa = PBXBuildFile; fileRef = 32FA774D21C73EA000B2CCD2 /* AppDelegate.swift */; };
		32FA775321C73EA000B2CCD2 /* Main.storyboard in Resources */ = {isa = PBXBuildFile; fileRef = 32FA775121C73EA000B2CCD2 /* Main.storyboard */; };
		32FA775521C73EA200B2CCD2 /* Assets.xcassets in Resources */ = {isa = PBXBuildFile; fileRef = 32FA775421C73EA200B2CCD2 /* Assets.xcassets */; };
		32FA775821C73EA200B2CCD2 /* LaunchScreen.storyboard in Resources */ = {isa = PBXBuildFile; fileRef = 32FA775621C73EA200B2CCD2 /* LaunchScreen.storyboard */; };
		32FA776321C73EA300B2CCD2 /* HoroscopeProjectTests.swift in Sources */ = {isa = PBXBuildFile; fileRef = 32FA776221C73EA300B2CCD2 /* HoroscopeProjectTests.swift */; };
		32FA776E21C73EA300B2CCD2 /* HoroscopeProjectUITests.swift in Sources */ = {isa = PBXBuildFile; fileRef = 32FA776D21C73EA300B2CCD2 /* HoroscopeProjectUITests.swift */; };
		32FA777C21C73FB700B2CCD2 /* Horoscope.swift in Sources */ = {isa = PBXBuildFile; fileRef = 32FA777B21C73FB700B2CCD2 /* Horoscope.swift */; };
		32FA777F21C7402A00B2CCD2 /* LoadingVC.swift in Sources */ = {isa = PBXBuildFile; fileRef = 32FA777E21C7402A00B2CCD2 /* LoadingVC.swift */; };
		32FA778221C7406B00B2CCD2 /* MainVC.swift in Sources */ = {isa = PBXBuildFile; fileRef = 32FA778121C7406B00B2CCD2 /* MainVC.swift */; };
		32FA778621C7430300B2CCD2 /* HoroscopeDescription.plist in Resources */ = {isa = PBXBuildFile; fileRef = 32FA778521C7430300B2CCD2 /* HoroscopeDescription.plist */; };
		32FA778821C7431C00B2CCD2 /* DescriptionVC.swift in Sources */ = {isa = PBXBuildFile; fileRef = 32FA778721C7431C00B2CCD2 /* DescriptionVC.swift */; };
		32FA778A21C773D400B2CCD2 /* HoroscopeDataStore.swift in Sources */ = {isa = PBXBuildFile; fileRef = 32FA778921C773D400B2CCD2 /* HoroscopeDataStore.swift */; };
		32FA778C21C7780000B2CCD2 /* ParallaxCell.swift in Sources */ = {isa = PBXBuildFile; fileRef = 32FA778B21C7780000B2CCD2 /* ParallaxCell.swift */; };
		32FA778E21C7864000B2CCD2 /* MainNaviVC.swift in Sources */ = {isa = PBXBuildFile; fileRef = 32FA778D21C7864000B2CCD2 /* MainNaviVC.swift */; };
/* End PBXBuildFile section */

/* Begin PBXContainerItemProxy section */
		32FA775F21C73EA300B2CCD2 /* PBXContainerItemProxy */ = {
			isa = PBXContainerItemProxy;
			containerPortal = 32FA774221C73EA000B2CCD2 /* Project object */;
			proxyType = 1;
			remoteGlobalIDString = 32FA774921C73EA000B2CCD2;
			remoteInfo = HoroscopeProject;
		};
		32FA776A21C73EA300B2CCD2 /* PBXContainerItemProxy */ = {
			isa = PBXContainerItemProxy;
			containerPortal = 32FA774221C73EA000B2CCD2 /* Project object */;
			proxyType = 1;
			remoteGlobalIDString = 32FA774921C73EA000B2CCD2;
			remoteInfo = HoroscopeProject;
		};
/* End PBXContainerItemProxy section */

/* Begin PBXFileReference section */
		32DCC95321C8881C00F4B3EF /* ZoomInPresentationManager.swift */ = {isa = PBXFileReference; lastKnownFileType = sourcecode.swift; path = ZoomInPresentationManager.swift; sourceTree = "<group>"; };
		32DCC95521C8890500F4B3EF /* ZoomInPresentationAnimator.swift */ = {isa = PBXFileReference; lastKnownFileType = sourcecode.swift; path = ZoomInPresentationAnimator.swift; sourceTree = "<group>"; };
		32FA774A21C73EA000B2CCD2 /* HoroscopeProject.app */ = {isa = PBXFileReference; explicitFileType = wrapper.application; includeInIndex = 0; path = HoroscopeProject.app; sourceTree = BUILT_PRODUCTS_DIR; };
		32FA774D21C73EA000B2CCD2 /* AppDelegate.swift */ = {isa = PBXFileReference; lastKnownFileType = sourcecode.swift; path = AppDelegate.swift; sourceTree = "<group>"; };
		32FA775221C73EA000B2CCD2 /* Base */ = {isa = PBXFileReference; lastKnownFileType = file.storyboard; name = Base; path = Base.lproj/Main.storyboard; sourceTree = "<group>"; };
		32FA775421C73EA200B2CCD2 /* Assets.xcassets */ = {isa = PBXFileReference; lastKnownFileType = folder.assetcatalog; path = Assets.xcassets; sourceTree = "<group>"; };
		32FA775721C73EA200B2CCD2 /* Base */ = {isa = PBXFileReference; lastKnownFileType = file.storyboard; name = Base; path = Base.lproj/LaunchScreen.storyboard; sourceTree = "<group>"; };
		32FA775921C73EA200B2CCD2 /* Info.plist */ = {isa = PBXFileReference; lastKnownFileType = text.plist.xml; path = Info.plist; sourceTree = "<group>"; };
		32FA775E21C73EA300B2CCD2 /* HoroscopeProjectTests.xctest */ = {isa = PBXFileReference; explicitFileType = wrapper.cfbundle; includeInIndex = 0; path = HoroscopeProjectTests.xctest; sourceTree = BUILT_PRODUCTS_DIR; };
		32FA776221C73EA300B2CCD2 /* HoroscopeProjectTests.swift */ = {isa = PBXFileReference; lastKnownFileType = sourcecode.swift; path = HoroscopeProjectTests.swift; sourceTree = "<group>"; };
		32FA776421C73EA300B2CCD2 /* Info.plist */ = {isa = PBXFileReference; lastKnownFileType = text.plist.xml; path = Info.plist; sourceTree = "<group>"; };
		32FA776921C73EA300B2CCD2 /* HoroscopeProjectUITests.xctest */ = {isa = PBXFileReference; explicitFileType = wrapper.cfbundle; includeInIndex = 0; path = HoroscopeProjectUITests.xctest; sourceTree = BUILT_PRODUCTS_DIR; };
		32FA776D21C73EA300B2CCD2 /* HoroscopeProjectUITests.swift */ = {isa = PBXFileReference; lastKnownFileType = sourcecode.swift; path = HoroscopeProjectUITests.swift; sourceTree = "<group>"; };
		32FA776F21C73EA300B2CCD2 /* Info.plist */ = {isa = PBXFileReference; lastKnownFileType = text.plist.xml; path = Info.plist; sourceTree = "<group>"; };
		32FA777B21C73FB700B2CCD2 /* Horoscope.swift */ = {isa = PBXFileReference; lastKnownFileType = sourcecode.swift; path = Horoscope.swift; sourceTree = "<group>"; };
		32FA777E21C7402A00B2CCD2 /* LoadingVC.swift */ = {isa = PBXFileReference; lastKnownFileType = sourcecode.swift; path = LoadingVC.swift; sourceTree = "<group>"; };
		32FA778121C7406B00B2CCD2 /* MainVC.swift */ = {isa = PBXFileReference; lastKnownFileType = sourcecode.swift; path = MainVC.swift; sourceTree = "<group>"; };
		32FA778521C7430300B2CCD2 /* HoroscopeDescription.plist */ = {isa = PBXFileReference; lastKnownFileType = text.plist.xml; path = HoroscopeDescription.plist; sourceTree = "<group>"; };
		32FA778721C7431C00B2CCD2 /* DescriptionVC.swift */ = {isa = PBXFileReference; lastKnownFileType = sourcecode.swift; path = DescriptionVC.swift; sourceTree = "<group>"; };
		32FA778921C773D400B2CCD2 /* HoroscopeDataStore.swift */ = {isa = PBXFileReference; lastKnownFileType = sourcecode.swift; path = HoroscopeDataStore.swift; sourceTree = "<group>"; };
		32FA778B21C7780000B2CCD2 /* ParallaxCell.swift */ = {isa = PBXFileReference; lastKnownFileType = sourcecode.swift; path = ParallaxCell.swift; sourceTree = "<group>"; };
		32FA778D21C7864000B2CCD2 /* MainNaviVC.swift */ = {isa = PBXFileReference; lastKnownFileType = sourcecode.swift; path = MainNaviVC.swift; sourceTree = "<group>"; };
/* End PBXFileReference section */

/* Begin PBXFrameworksBuildPhase section */
		32FA774721C73EA000B2CCD2 /* Frameworks */ = {
			isa = PBXFrameworksBuildPhase;
			buildActionMask = 2147483647;
			files = (
			);
			runOnlyForDeploymentPostprocessing = 0;
		};
		32FA775B21C73EA300B2CCD2 /* Frameworks */ = {
			isa = PBXFrameworksBuildPhase;
			buildActionMask = 2147483647;
			files = (
			);
			runOnlyForDeploymentPostprocessing = 0;
		};
		32FA776621C73EA300B2CCD2 /* Frameworks */ = {
			isa = PBXFrameworksBuildPhase;
			buildActionMask = 2147483647;
			files = (
			);
			runOnlyForDeploymentPostprocessing = 0;
		};
/* End PBXFrameworksBuildPhase section */

/* Begin PBXGroup section */
		32DCC95021C8879A00F4B3EF /* Presentation */ = {
			isa = PBXGroup;
			children = (
				32DCC95321C8881C00F4B3EF /* ZoomInPresentationManager.swift */,
				32DCC95521C8890500F4B3EF /* ZoomInPresentationAnimator.swift */,
			);
			path = Presentation;
			sourceTree = "<group>";
		};
		32FA774121C73EA000B2CCD2 = {
			isa = PBXGroup;
			children = (
				32FA774C21C73EA000B2CCD2 /* HoroscopeProject */,
				32FA776121C73EA300B2CCD2 /* HoroscopeProjectTests */,
				32FA776C21C73EA300B2CCD2 /* HoroscopeProjectUITests */,
				32FA774B21C73EA000B2CCD2 /* Products */,
			);
			sourceTree = "<group>";
		};
		32FA774B21C73EA000B2CCD2 /* Products */ = {
			isa = PBXGroup;
			children = (
				32FA774A21C73EA000B2CCD2 /* HoroscopeProject.app */,
				32FA775E21C73EA300B2CCD2 /* HoroscopeProjectTests.xctest */,
				32FA776921C73EA300B2CCD2 /* HoroscopeProjectUITests.xctest */,
			);
			name = Products;
			sourceTree = "<group>";
		};
		32FA774C21C73EA000B2CCD2 /* HoroscopeProject */ = {
			isa = PBXGroup;
			children = (
				32DCC95021C8879A00F4B3EF /* Presentation */,
				32FA774D21C73EA000B2CCD2 /* AppDelegate.swift */,
				32FA775121C73EA000B2CCD2 /* Main.storyboard */,
				32FA777D21C73FC400B2CCD2 /* Model */,
				32FA775421C73EA200B2CCD2 /* Assets.xcassets */,
				32FA775621C73EA200B2CCD2 /* LaunchScreen.storyboard */,
				32FA775921C73EA200B2CCD2 /* Info.plist */,
				32FA778021C7403B00B2CCD2 /* Controller */,
				32FA778F21C7AD1600B2CCD2 /* View */,
			);
			path = HoroscopeProject;
			sourceTree = "<group>";
		};
		32FA776121C73EA300B2CCD2 /* HoroscopeProjectTests */ = {
			isa = PBXGroup;
			children = (
				32FA776221C73EA300B2CCD2 /* HoroscopeProjectTests.swift */,
				32FA776421C73EA300B2CCD2 /* Info.plist */,
			);
			path = HoroscopeProjectTests;
			sourceTree = "<group>";
		};
		32FA776C21C73EA300B2CCD2 /* HoroscopeProjectUITests */ = {
			isa = PBXGroup;
			children = (
				32FA776D21C73EA300B2CCD2 /* HoroscopeProjectUITests.swift */,
				32FA776F21C73EA300B2CCD2 /* Info.plist */,
			);
			path = HoroscopeProjectUITests;
			sourceTree = "<group>";
		};
		32FA777D21C73FC400B2CCD2 /* Model */ = {
			isa = PBXGroup;
			children = (
				32FA777B21C73FB700B2CCD2 /* Horoscope.swift */,
				32FA778921C773D400B2CCD2 /* HoroscopeDataStore.swift */,
				32FA778521C7430300B2CCD2 /* HoroscopeDescription.plist */,
			);
			path = Model;
			sourceTree = "<group>";
		};
		32FA778021C7403B00B2CCD2 /* Controller */ = {
			isa = PBXGroup;
			children = (
				32FA778D21C7864000B2CCD2 /* MainNaviVC.swift */,
				32FA777E21C7402A00B2CCD2 /* LoadingVC.swift */,
				32FA778121C7406B00B2CCD2 /* MainVC.swift */,
				32FA778721C7431C00B2CCD2 /* DescriptionVC.swift */,
			);
			path = Controller;
			sourceTree = "<group>";
		};
		32FA778F21C7AD1600B2CCD2 /* View */ = {
			isa = PBXGroup;
			children = (
				32FA778B21C7780000B2CCD2 /* ParallaxCell.swift */,
			);
			path = View;
			sourceTree = "<group>";
		};
/* End PBXGroup section */

/* Begin PBXNativeTarget section */
		32FA774921C73EA000B2CCD2 /* HoroscopeProject */ = {
			isa = PBXNativeTarget;
			buildConfigurationList = 32FA777221C73EA300B2CCD2 /* Build configuration list for PBXNativeTarget "HoroscopeProject" */;
			buildPhases = (
				32FA774621C73EA000B2CCD2 /* Sources */,
				32FA774721C73EA000B2CCD2 /* Frameworks */,
				32FA774821C73EA000B2CCD2 /* Resources */,
			);
			buildRules = (
			);
			dependencies = (
			);
			name = HoroscopeProject;
			productName = HoroscopeProject;
			productReference = 32FA774A21C73EA000B2CCD2 /* HoroscopeProject.app */;
			productType = "com.apple.product-type.application";
		};
		32FA775D21C73EA300B2CCD2 /* HoroscopeProjectTests */ = {
			isa = PBXNativeTarget;
			buildConfigurationList = 32FA777521C73EA300B2CCD2 /* Build configuration list for PBXNativeTarget "HoroscopeProjectTests" */;
			buildPhases = (
				32FA775A21C73EA300B2CCD2 /* Sources */,
				32FA775B21C73EA300B2CCD2 /* Frameworks */,
				32FA775C21C73EA300B2CCD2 /* Resources */,
			);
			buildRules = (
			);
			dependencies = (
				32FA776021C73EA300B2CCD2 /* PBXTargetDependency */,
			);
			name = HoroscopeProjectTests;
			productName = HoroscopeProjectTests;
			productReference = 32FA775E21C73EA300B2CCD2 /* HoroscopeProjectTests.xctest */;
			productType = "com.apple.product-type.bundle.unit-test";
		};
		32FA776821C73EA300B2CCD2 /* HoroscopeProjectUITests */ = {
			isa = PBXNativeTarget;
			buildConfigurationList = 32FA777821C73EA300B2CCD2 /* Build configuration list for PBXNativeTarget "HoroscopeProjectUITests" */;
			buildPhases = (
				32FA776521C73EA300B2CCD2 /* Sources */,
				32FA776621C73EA300B2CCD2 /* Frameworks */,
				32FA776721C73EA300B2CCD2 /* Resources */,
			);
			buildRules = (
			);
			dependencies = (
				32FA776B21C73EA300B2CCD2 /* PBXTargetDependency */,
			);
			name = HoroscopeProjectUITests;
			productName = HoroscopeProjectUITests;
			productReference = 32FA776921C73EA300B2CCD2 /* HoroscopeProjectUITests.xctest */;
			productType = "com.apple.product-type.bundle.ui-testing";
		};
/* End PBXNativeTarget section */

/* Begin PBXProject section */
		32FA774221C73EA000B2CCD2 /* Project object */ = {
			isa = PBXProject;
			attributes = {
				LastSwiftUpdateCheck = 1010;
				LastUpgradeCheck = 1010;
				ORGANIZATIONNAME = michelle;
				TargetAttributes = {
					32FA774921C73EA000B2CCD2 = {
						CreatedOnToolsVersion = 10.1;
					};
					32FA775D21C73EA300B2CCD2 = {
						CreatedOnToolsVersion = 10.1;
						TestTargetID = 32FA774921C73EA000B2CCD2;
					};
					32FA776821C73EA300B2CCD2 = {
						CreatedOnToolsVersion = 10.1;
						TestTargetID = 32FA774921C73EA000B2CCD2;
					};
				};
			};
			buildConfigurationList = 32FA774521C73EA000B2CCD2 /* Build configuration list for PBXProject "HoroscopeProject" */;
			compatibilityVersion = "Xcode 9.3";
			developmentRegion = en;
			hasScannedForEncodings = 0;
			knownRegions = (
				en,
				Base,
			);
			mainGroup = 32FA774121C73EA000B2CCD2;
			productRefGroup = 32FA774B21C73EA000B2CCD2 /* Products */;
			projectDirPath = "";
			projectRoot = "";
			targets = (
				32FA774921C73EA000B2CCD2 /* HoroscopeProject */,
				32FA775D21C73EA300B2CCD2 /* HoroscopeProjectTests */,
				32FA776821C73EA300B2CCD2 /* HoroscopeProjectUITests */,
			);
		};
/* End PBXProject section */

/* Begin PBXResourcesBuildPhase section */
		32FA774821C73EA000B2CCD2 /* Resources */ = {
			isa = PBXResourcesBuildPhase;
			buildActionMask = 2147483647;
			files = (
				32FA775821C73EA200B2CCD2 /* LaunchScreen.storyboard in Resources */,
				32FA775521C73EA200B2CCD2 /* Assets.xcassets in Resources */,
				32FA778621C7430300B2CCD2 /* HoroscopeDescription.plist in Resources */,
				32FA775321C73EA000B2CCD2 /* Main.storyboard in Resources */,
			);
			runOnlyForDeploymentPostprocessing = 0;
		};
		32FA775C21C73EA300B2CCD2 /* Resources */ = {
			isa = PBXResourcesBuildPhase;
			buildActionMask = 2147483647;
			files = (
			);
			runOnlyForDeploymentPostprocessing = 0;
		};
		32FA776721C73EA300B2CCD2 /* Resources */ = {
			isa = PBXResourcesBuildPhase;
			buildActionMask = 2147483647;
			files = (
			);
			runOnlyForDeploymentPostprocessing = 0;
		};
/* End PBXResourcesBuildPhase section */

/* Begin PBXSourcesBuildPhase section */
		32FA774621C73EA000B2CCD2 /* Sources */ = {
			isa = PBXSourcesBuildPhase;
			buildActionMask = 2147483647;
			files = (
				32FA774E21C73EA000B2CCD2 /* AppDelegate.swift in Sources */,
				32FA778221C7406B00B2CCD2 /* MainVC.swift in Sources */,
				32FA778A21C773D400B2CCD2 /* HoroscopeDataStore.swift in Sources */,
				32FA777C21C73FB700B2CCD2 /* Horoscope.swift in Sources */,
				32FA777F21C7402A00B2CCD2 /* LoadingVC.swift in Sources */,
				32FA778C21C7780000B2CCD2 /* ParallaxCell.swift in Sources */,
				32DCC95421C8881C00F4B3EF /* ZoomInPresentationManager.swift in Sources */,
				32DCC95621C8890500F4B3EF /* ZoomInPresentationAnimator.swift in Sources */,
				32FA778821C7431C00B2CCD2 /* DescriptionVC.swift in Sources */,
				32FA778E21C7864000B2CCD2 /* MainNaviVC.swift in Sources */,
			);
			runOnlyForDeploymentPostprocessing = 0;
		};
		32FA775A21C73EA300B2CCD2 /* Sources */ = {
			isa = PBXSourcesBuildPhase;
			buildActionMask = 2147483647;
			files = (
				32FA776321C73EA300B2CCD2 /* HoroscopeProjectTests.swift in Sources */,
			);
			runOnlyForDeploymentPostprocessing = 0;
		};
		32FA776521C73EA300B2CCD2 /* Sources */ = {
			isa = PBXSourcesBuildPhase;
			buildActionMask = 2147483647;
			files = (
				32FA776E21C73EA300B2CCD2 /* HoroscopeProjectUITests.swift in Sources */,
			);
			runOnlyForDeploymentPostprocessing = 0;
		};
/* End PBXSourcesBuildPhase section */

/* Begin PBXTargetDependency section */
		32FA776021C73EA300B2CCD2 /* PBXTargetDependency */ = {
			isa = PBXTargetDependency;
			target = 32FA774921C73EA000B2CCD2 /* HoroscopeProject */;
			targetProxy = 32FA775F21C73EA300B2CCD2 /* PBXContainerItemProxy */;
		};
		32FA776B21C73EA300B2CCD2 /* PBXTargetDependency */ = {
			isa = PBXTargetDependency;
			target = 32FA774921C73EA000B2CCD2 /* HoroscopeProject */;
			targetProxy = 32FA776A21C73EA300B2CCD2 /* PBXContainerItemProxy */;
		};
/* End PBXTargetDependency section */

/* Begin PBXVariantGroup section */
		32FA775121C73EA000B2CCD2 /* Main.storyboard */ = {
			isa = PBXVariantGroup;
			children = (
				32FA775221C73EA000B2CCD2 /* Base */,
			);
			name = Main.storyboard;
			sourceTree = "<group>";
		};
		32FA775621C73EA200B2CCD2 /* LaunchScreen.storyboard */ = {
			isa = PBXVariantGroup;
			children = (
				32FA775721C73EA200B2CCD2 /* Base */,
			);
			name = LaunchScreen.storyboard;
			sourceTree = "<group>";
		};
/* End PBXVariantGroup section */

/* Begin XCBuildConfiguration section */
		32FA777021C73EA300B2CCD2 /* Debug */ = {
			isa = XCBuildConfiguration;
			buildSettings = {
				ALWAYS_SEARCH_USER_PATHS = NO;
				CLANG_ANALYZER_NONNULL = YES;
				CLANG_ANALYZER_NUMBER_OBJECT_CONVERSION = YES_AGGRESSIVE;
				CLANG_CXX_LANGUAGE_STANDARD = "gnu++14";
				CLANG_CXX_LIBRARY = "libc++";
				CLANG_ENABLE_MODULES = YES;
				CLANG_ENABLE_OBJC_ARC = YES;
				CLANG_ENABLE_OBJC_WEAK = YES;
				CLANG_WARN_BLOCK_CAPTURE_AUTORELEASING = YES;
				CLANG_WARN_BOOL_CONVERSION = YES;
				CLANG_WARN_COMMA = YES;
				CLANG_WARN_CONSTANT_CONVERSION = YES;
				CLANG_WARN_DEPRECATED_OBJC_IMPLEMENTATIONS = YES;
				CLANG_WARN_DIRECT_OBJC_ISA_USAGE = YES_ERROR;
				CLANG_WARN_DOCUMENTATION_COMMENTS = YES;
				CLANG_WARN_EMPTY_BODY = YES;
				CLANG_WARN_ENUM_CONVERSION = YES;
				CLANG_WARN_INFINITE_RECURSION = YES;
				CLANG_WARN_INT_CONVERSION = YES;
				CLANG_WARN_NON_LITERAL_NULL_CONVERSION = YES;
				CLANG_WARN_OBJC_IMPLICIT_RETAIN_SELF = YES;
				CLANG_WARN_OBJC_LITERAL_CONVERSION = YES;
				CLANG_WARN_OBJC_ROOT_CLASS = YES_ERROR;
				CLANG_WARN_RANGE_LOOP_ANALYSIS = YES;
				CLANG_WARN_STRICT_PROTOTYPES = YES;
				CLANG_WARN_SUSPICIOUS_MOVE = YES;
				CLANG_WARN_UNGUARDED_AVAILABILITY = YES_AGGRESSIVE;
				CLANG_WARN_UNREACHABLE_CODE = YES;
				CLANG_WARN__DUPLICATE_METHOD_MATCH = YES;
				CODE_SIGN_IDENTITY = "iPhone Developer";
				COPY_PHASE_STRIP = NO;
				DEBUG_INFORMATION_FORMAT = dwarf;
				ENABLE_STRICT_OBJC_MSGSEND = YES;
				ENABLE_TESTABILITY = YES;
				GCC_C_LANGUAGE_STANDARD = gnu11;
				GCC_DYNAMIC_NO_PIC = NO;
				GCC_NO_COMMON_BLOCKS = YES;
				GCC_OPTIMIZATION_LEVEL = 0;
				GCC_PREPROCESSOR_DEFINITIONS = (
					"DEBUG=1",
					"$(inherited)",
				);
				GCC_WARN_64_TO_32_BIT_CONVERSION = YES;
				GCC_WARN_ABOUT_RETURN_TYPE = YES_ERROR;
				GCC_WARN_UNDECLARED_SELECTOR = YES;
				GCC_WARN_UNINITIALIZED_AUTOS = YES_AGGRESSIVE;
				GCC_WARN_UNUSED_FUNCTION = YES;
				GCC_WARN_UNUSED_VARIABLE = YES;
				IPHONEOS_DEPLOYMENT_TARGET = 12.1;
				MTL_ENABLE_DEBUG_INFO = INCLUDE_SOURCE;
				MTL_FAST_MATH = YES;
				ONLY_ACTIVE_ARCH = YES;
				SDKROOT = iphoneos;
				SWIFT_ACTIVE_COMPILATION_CONDITIONS = DEBUG;
				SWIFT_OPTIMIZATION_LEVEL = "-Onone";
			};
			name = Debug;
		};
		32FA777121C73EA300B2CCD2 /* Release */ = {
			isa = XCBuildConfiguration;
			buildSettings = {
				ALWAYS_SEARCH_USER_PATHS = NO;
				CLANG_ANALYZER_NONNULL = YES;
				CLANG_ANALYZER_NUMBER_OBJECT_CONVERSION = YES_AGGRESSIVE;
				CLANG_CXX_LANGUAGE_STANDARD = "gnu++14";
				CLANG_CXX_LIBRARY = "libc++";
				CLANG_ENABLE_MODULES = YES;
				CLANG_ENABLE_OBJC_ARC = YES;
				CLANG_ENABLE_OBJC_WEAK = YES;
				CLANG_WARN_BLOCK_CAPTURE_AUTORELEASING = YES;
				CLANG_WARN_BOOL_CONVERSION = YES;
				CLANG_WARN_COMMA = YES;
				CLANG_WARN_CONSTANT_CONVERSION = YES;
				CLANG_WARN_DEPRECATED_OBJC_IMPLEMENTATIONS = YES;
				CLANG_WARN_DIRECT_OBJC_ISA_USAGE = YES_ERROR;
				CLANG_WARN_DOCUMENTATION_COMMENTS = YES;
				CLANG_WARN_EMPTY_BODY = YES;
				CLANG_WARN_ENUM_CONVERSION = YES;
				CLANG_WARN_INFINITE_RECURSION = YES;
				CLANG_WARN_INT_CONVERSION = YES;
				CLANG_WARN_NON_LITERAL_NULL_CONVERSION = YES;
				CLANG_WARN_OBJC_IMPLICIT_RETAIN_SELF = YES;
				CLANG_WARN_OBJC_LITERAL_CONVERSION = YES;
				CLANG_WARN_OBJC_ROOT_CLASS = YES_ERROR;
				CLANG_WARN_RANGE_LOOP_ANALYSIS = YES;
				CLANG_WARN_STRICT_PROTOTYPES = YES;
				CLANG_WARN_SUSPICIOUS_MOVE = YES;
				CLANG_WARN_UNGUARDED_AVAILABILITY = YES_AGGRESSIVE;
				CLANG_WARN_UNREACHABLE_CODE = YES;
				CLANG_WARN__DUPLICATE_METHOD_MATCH = YES;
				CODE_SIGN_IDENTITY = "iPhone Developer";
				COPY_PHASE_STRIP = NO;
				DEBUG_INFORMATION_FORMAT = "dwarf-with-dsym";
				ENABLE_NS_ASSERTIONS = NO;
				ENABLE_STRICT_OBJC_MSGSEND = YES;
				GCC_C_LANGUAGE_STANDARD = gnu11;
				GCC_NO_COMMON_BLOCKS = YES;
				GCC_WARN_64_TO_32_BIT_CONVERSION = YES;
				GCC_WARN_ABOUT_RETURN_TYPE = YES_ERROR;
				GCC_WARN_UNDECLARED_SELECTOR = YES;
				GCC_WARN_UNINITIALIZED_AUTOS = YES_AGGRESSIVE;
				GCC_WARN_UNUSED_FUNCTION = YES;
				GCC_WARN_UNUSED_VARIABLE = YES;
				IPHONEOS_DEPLOYMENT_TARGET = 12.1;
				MTL_ENABLE_DEBUG_INFO = NO;
				MTL_FAST_MATH = YES;
				SDKROOT = iphoneos;
				SWIFT_COMPILATION_MODE = wholemodule;
				SWIFT_OPTIMIZATION_LEVEL = "-O";
				VALIDATE_PRODUCT = YES;
			};
			name = Release;
		};
		32FA777321C73EA300B2CCD2 /* Debug */ = {
			isa = XCBuildConfiguration;
			buildSettings = {
				ASSETCATALOG_COMPILER_APPICON_NAME = AppIcon;
				CODE_SIGN_STYLE = Automatic;
				DEVELOPMENT_TEAM = JUN2C6ZU75;
				INFOPLIST_FILE = HoroscopeProject/Info.plist;
				IPHONEOS_DEPLOYMENT_TARGET = 9.0;
				LD_RUNPATH_SEARCH_PATHS = (
					"$(inherited)",
					"@executable_path/Frameworks",
				);
				PRODUCT_BUNDLE_IDENTIFIER = satty.HoroscopeProject;
				PRODUCT_NAME = "$(TARGET_NAME)";
				SWIFT_VERSION = 4.2;
				TARGETED_DEVICE_FAMILY = "1,2";
			};
			name = Debug;
		};
		32FA777421C73EA300B2CCD2 /* Release */ = {
			isa = XCBuildConfiguration;
			buildSettings = {
				ASSETCATALOG_COMPILER_APPICON_NAME = AppIcon;
				CODE_SIGN_STYLE = Automatic;
				DEVELOPMENT_TEAM = JUN2C6ZU75;
				INFOPLIST_FILE = HoroscopeProject/Info.plist;
				IPHONEOS_DEPLOYMENT_TARGET = 9.0;
				LD_RUNPATH_SEARCH_PATHS = (
					"$(inherited)",
					"@executable_path/Frameworks",
				);
				PRODUCT_BUNDLE_IDENTIFIER = satty.HoroscopeProject;
				PRODUCT_NAME = "$(TARGET_NAME)";
				SWIFT_VERSION = 4.2;
				TARGETED_DEVICE_FAMILY = "1,2";
			};
			name = Release;
		};
		32FA777621C73EA300B2CCD2 /* Debug */ = {
			isa = XCBuildConfiguration;
			buildSettings = {
				ALWAYS_EMBED_SWIFT_STANDARD_LIBRARIES = YES;
				BUNDLE_LOADER = "$(TEST_HOST)";
				CODE_SIGN_STYLE = Automatic;
				DEVELOPMENT_TEAM = 8Z45W34X9G;
				INFOPLIST_FILE = HoroscopeProjectTests/Info.plist;
				LD_RUNPATH_SEARCH_PATHS = (
					"$(inherited)",
					"@executable_path/Frameworks",
					"@loader_path/Frameworks",
				);
				PRODUCT_BUNDLE_IDENTIFIER = iit.HoroscopeProjectTests;
				PRODUCT_NAME = "$(TARGET_NAME)";
				SWIFT_VERSION = 4.2;
				TARGETED_DEVICE_FAMILY = "1,2";
				TEST_HOST = "$(BUILT_PRODUCTS_DIR)/HoroscopeProject.app/HoroscopeProject";
			};
			name = Debug;
		};
		32FA777721C73EA300B2CCD2 /* Release */ = {
			isa = XCBuildConfiguration;
			buildSettings = {
				ALWAYS_EMBED_SWIFT_STANDARD_LIBRARIES = YES;
				BUNDLE_LOADER = "$(TEST_HOST)";
				CODE_SIGN_STYLE = Automatic;
				DEVELOPMENT_TEAM = 8Z45W34X9G;
				INFOPLIST_FILE = HoroscopeProjectTests/Info.plist;
				LD_RUNPATH_SEARCH_PATHS = (
					"$(inherited)",
					"@executable_path/Frameworks",
					"@loader_path/Frameworks",
				);
				PRODUCT_BUNDLE_IDENTIFIER = iit.HoroscopeProjectTests;
				PRODUCT_NAME = "$(TARGET_NAME)";
				SWIFT_VERSION = 4.2;
				TARGETED_DEVICE_FAMILY = "1,2";
				TEST_HOST = "$(BUILT_PRODUCTS_DIR)/HoroscopeProject.app/HoroscopeProject";
			};
			name = Release;
		};
		32FA777921C73EA300B2CCD2 /* Debug */ = {
			isa = XCBuildConfiguration;
			buildSettings = {
				ALWAYS_EMBED_SWIFT_STANDARD_LIBRARIES = YES;
				CODE_SIGN_STYLE = Automatic;
				DEVELOPMENT_TEAM = 8Z45W34X9G;
				INFOPLIST_FILE = HoroscopeProjectUITests/Info.plist;
				LD_RUNPATH_SEARCH_PATHS = (
					"$(inherited)",
					"@executable_path/Frameworks",
					"@loader_path/Frameworks",
				);
				PRODUCT_BUNDLE_IDENTIFIER = iit.HoroscopeProjectUITests;
				PRODUCT_NAME = "$(TARGET_NAME)";
				SWIFT_VERSION = 4.2;
				TARGETED_DEVICE_FAMILY = "1,2";
				TEST_TARGET_NAME = HoroscopeProject;
			};
			name = Debug;
		};
		32FA777A21C73EA300B2CCD2 /* Release */ = {
			isa = XCBuildConfiguration;
			buildSettings = {
				ALWAYS_EMBED_SWIFT_STANDARD_LIBRARIES = YES;
				CODE_SIGN_STYLE = Automatic;
				DEVELOPMENT_TEAM = 8Z45W34X9G;
				INFOPLIST_FILE = HoroscopeProjectUITests/Info.plist;
				LD_RUNPATH_SEARCH_PATHS = (
					"$(inherited)",
					"@executable_path/Frameworks",
					"@loader_path/Frameworks",
				);
				PRODUCT_BUNDLE_IDENTIFIER = iit.HoroscopeProjectUITests;
				PRODUCT_NAME = "$(TARGET_NAME)";
				SWIFT_VERSION = 4.2;
				TARGETED_DEVICE_FAMILY = "1,2";
				TEST_TARGET_NAME = HoroscopeProject;
			};
			name = Release;
		};
/* End XCBuildConfiguration section */

/* Begin XCConfigurationList section */
		32FA774521C73EA000B2CCD2 /* Build configuration list for PBXProject "HoroscopeProject" */ = {
			isa = XCConfigurationList;
			buildConfigurations = (
				32FA777021C73EA300B2CCD2 /* Debug */,
				32FA777121C73EA300B2CCD2 /* Release */,
			);
			defaultConfigurationIsVisible = 0;
			defaultConfigurationName = Release;
		};
		32FA777221C73EA300B2CCD2 /* Build configuration list for PBXNativeTarget "HoroscopeProject" */ = {
			isa = XCConfigurationList;
			buildConfigurations = (
				32FA777321C73EA300B2CCD2 /* Debug */,
				32FA777421C73EA300B2CCD2 /* Release */,
			);
			defaultConfigurationIsVisible = 0;
			defaultConfigurationName = Release;
		};
		32FA777521C73EA300B2CCD2 /* Build configuration list for PBXNativeTarget "HoroscopeProjectTests" */ = {
			isa = XCConfigurationList;
			buildConfigurations = (
				32FA777621C73EA300B2CCD2 /* Debug */,
				32FA777721C73EA300B2CCD2 /* Release */,
			);
			defaultConfigurationIsVisible = 0;
			defaultConfigurationName = Release;
		};
		32FA777821C73EA300B2CCD2 /* Build configuration list for PBXNativeTarget "HoroscopeProjectUITests" */ = {
			isa = XCConfigurationList;
			buildConfigurations = (
				32FA777921C73EA300B2CCD2 /* Debug */,
				32FA777A21C73EA300B2CCD2 /* Release */,
			);
			defaultConfigurationIsVisible = 0;
			defaultConfigurationName = Release;
		};
/* End XCConfigurationList section */
	};
	rootObject = 32FA774221C73EA000B2CCD2 /* Project object */;
}
